
Microsoft Visual Studio Solution File, Format Version 12.00
# Visual Studio 15
VisualStudioVersion = 15.0.26124.0
MinimumVisualStudioVersion = 15.0.26124.0
Project("{FAE04EC0-301F-11D3-BF4B-00C04F79EFBC}") = "API", "API\API.csproj", "{EEE02ECB-AAC5-4FDB-B600-070B0DEF610F}"
EndProject
Project("{FAE04EC0-301F-11D3-BF4B-00C04F79EFBC}") = "Core", "Core\Core.csproj", "{904A9B88-2513-444F-9CB5-813668F3F408}"
EndProject
Project("{FAE04EC0-301F-11D3-BF4B-00C04F79EFBC}") = "Infrastructure", "Infrastructure\Infrastructure.csproj", "{EC13A90B-8D76-41A7-89D4-153EEC0C88C2}"
EndProject
Global
	GlobalSection(SolutionConfigurationPlatforms) = preSolution
		Debug|Any CPU = Debug|Any CPU
		Debug|x64 = Debug|x64
		Debug|x86 = Debug|x86
		Release|Any CPU = Release|Any CPU
		Release|x64 = Release|x64
		Release|x86 = Release|x86
	EndGlobalSection
	GlobalSection(SolutionProperties) = preSolution
		HideSolutionNode = FALSE
	EndGlobalSection
	GlobalSection(ProjectConfigurationPlatforms) = postSolution
		{EEE02ECB-AAC5-4FDB-B600-070B0DEF610F}.Debug|Any CPU.ActiveCfg = Debug|Any CPU
		{EEE02ECB-AAC5-4FDB-B600-070B0DEF610F}.Debug|Any CPU.Build.0 = Debug|Any CPU
		{EEE02ECB-AAC5-4FDB-B600-070B0DEF610F}.Debug|x64.ActiveCfg = Debug|Any CPU
		{EEE02ECB-AAC5-4FDB-B600-070B0DEF610F}.Debug|x64.Build.0 = Debug|Any CPU
		{EEE02ECB-AAC5-4FDB-B600-070B0DEF610F}.Debug|x86.ActiveCfg = Debug|Any CPU
		{EEE02ECB-AAC5-4FDB-B600-070B0DEF610F}.Debug|x86.Build.0 = Debug|Any CPU
		{EEE02ECB-AAC5-4FDB-B600-070B0DEF610F}.Release|Any CPU.ActiveCfg = Release|Any CPU
		{EEE02ECB-AAC5-4FDB-B600-070B0DEF610F}.Release|Any CPU.Build.0 = Release|Any CPU
		{EEE02ECB-AAC5-4FDB-B600-070B0DEF610F}.Release|x64.ActiveCfg = Release|Any CPU
		{EEE02ECB-AAC5-4FDB-B600-070B0DEF610F}.Release|x64.Build.0 = Release|Any CPU
		{EEE02ECB-AAC5-4FDB-B600-070B0DEF610F}.Release|x86.ActiveCfg = Release|Any CPU
		{EEE02ECB-AAC5-4FDB-B600-070B0DEF610F}.Release|x86.Build.0 = Release|Any CPU
		{904A9B88-2513-444F-9CB5-813668F3F408}.Debug|Any CPU.ActiveCfg = Debug|Any CPU
		{904A9B88-2513-444F-9CB5-813668F3F408}.Debug|Any CPU.Build.0 = Debug|Any CPU
		{904A9B88-2513-444F-9CB5-813668F3F408}.Debug|x64.ActiveCfg = Debug|Any CPU
		{904A9B88-2513-444F-9CB5-813668F3F408}.Debug|x64.Build.0 = Debug|Any CPU
		{904A9B88-2513-444F-9CB5-813668F3F408}.Debug|x86.ActiveCfg = Debug|Any CPU
		{904A9B88-2513-444F-9CB5-813668F3F408}.Debug|x86.Build.0 = Debug|Any CPU
		{904A9B88-2513-444F-9CB5-813668F3F408}.Release|Any CPU.ActiveCfg = Release|Any CPU
		{904A9B88-2513-444F-9CB5-813668F3F408}.Release|Any CPU.Build.0 = Release|Any CPU
		{904A9B88-2513-444F-9CB5-813668F3F408}.Release|x64.ActiveCfg = Release|Any CPU
		{904A9B88-2513-444F-9CB5-813668F3F408}.Release|x64.Build.0 = Release|Any CPU
		{904A9B88-2513-444F-9CB5-813668F3F408}.Release|x86.ActiveCfg = Release|Any CPU
		{904A9B88-2513-444F-9CB5-813668F3F408}.Release|x86.Build.0 = Release|Any CPU
		{EC13A90B-8D76-41A7-89D4-153EEC0C88C2}.Debug|Any CPU.ActiveCfg = Debug|Any CPU
		{EC13A90B-8D76-41A7-89D4-153EEC0C88C2}.Debug|Any CPU.Build.0 = Debug|Any CPU
		{EC13A90B-8D76-41A7-89D4-153EEC0C88C2}.Debug|x64.ActiveCfg = Debug|Any CPU
		{EC13A90B-8D76-41A7-89D4-153EEC0C88C2}.Debug|x64.Build.0 = Debug|Any CPU
		{EC13A90B-8D76-41A7-89D4-153EEC0C88C2}.Debug|x86.ActiveCfg = Debug|Any CPU
		{EC13A90B-8D76-41A7-89D4-153EEC0C88C2}.Debug|x86.Build.0 = Debug|Any CPU
		{EC13A90B-8D76-41A7-89D4-153EEC0C88C2}.Release|Any CPU.ActiveCfg = Release|Any CPU
		{EC13A90B-8D76-41A7-89D4-153EEC0C88C2}.Release|Any CPU.Build.0 = Release|Any CPU
		{EC13A90B-8D76-41A7-89D4-153EEC0C88C2}.Release|x64.ActiveCfg = Release|Any CPU
		{EC13A90B-8D76-41A7-89D4-153EEC0C88C2}.Release|x64.Build.0 = Release|Any CPU
		{EC13A90B-8D76-41A7-89D4-153EEC0C88C2}.Release|x86.ActiveCfg = Release|Any CPU
		{EC13A90B-8D76-41A7-89D4-153EEC0C88C2}.Release|x86.Build.0 = Release|Any CPU
	EndGlobalSection
EndGlobal
